# This file is automatically @generated by Poetry 1.7.0 and should not be changed by hand.

[[package]]
name = "asttokens"
version = "2.4.1"
description = "Annotate AST trees with source code positions"
optional = false
python-versions = "*"
files = [
    {file = "asttokens-2.4.1-py2.py3-none-any.whl", hash = "sha256:051ed49c3dcae8913ea7cd08e46a606dba30b79993209636c4875bc1d637bc24"},
    {file = "asttokens-2.4.1.tar.gz", hash = "sha256:b03869718ba9a6eb027e134bfdf69f38a236d681c83c160d510768af11254ba0"},
]

[package.dependencies]
six = ">=1.12.0"

[package.extras]
astroid = ["astroid (>=1,<2)", "astroid (>=2,<4)"]
test = ["astroid (>=1,<2)", "astroid (>=2,<4)", "pytest"]

[[package]]
name = "colorama"
version = "0.4.6"
description = "Cross-platform colored terminal text."
optional = false
python-versions = "!=3.0.*,!=3.1.*,!=3.2.*,!=3.3.*,!=3.4.*,!=3.5.*,!=3.6.*,>=2.7"
files = [
    {file = "colorama-0.4.6-py2.py3-none-any.whl", hash = "sha256:4f1d9991f5acc0ca119f9d443620b77f9d6b33703e51011c16baf57afb285fc6"},
    {file = "colorama-0.4.6.tar.gz", hash = "sha256:08695f5cb7ed6e0531a20572697297273c47b8cae5a63ffc6d6ed5c201be6e44"},
]

[[package]]
name = "cytoolz"
version = "0.12.2"
description = "Cython implementation of Toolz: High performance functional utilities"
optional = false
python-versions = ">=3.6"
files = [
    {file = "cytoolz-0.12.2-cp310-cp310-macosx_10_9_x86_64.whl", hash = "sha256:4bff49986c9bae127928a2f9fd6313146a342bfae8292f63e562f872bd01b871"},
    {file = "cytoolz-0.12.2-cp310-cp310-macosx_11_0_arm64.whl", hash = "sha256:908c13f305d34322e11b796de358edaeea47dd2d115c33ca22909c5e8fb036fd"},
    {file = "cytoolz-0.12.2-cp310-cp310-manylinux_2_17_aarch64.manylinux2014_aarch64.whl", hash = "sha256:735147aa41b8eeb104da186864b55e2a6623c758000081d19c93d759cd9523e3"},
    {file = "cytoolz-0.12.2-cp310-cp310-manylinux_2_17_ppc64le.manylinux2014_ppc64le.whl", hash = "sha256:7d352d4de060604e605abdc5c8a5d0429d5f156cb9866609065d3003454d4cea"},
    {file = "cytoolz-0.12.2-cp310-cp310-manylinux_2_17_s390x.manylinux2014_s390x.whl", hash = "sha256:89247ac220031a4f9f689688bcee42b38fd770d4cce294e5d914afc53b630abe"},
    {file = "cytoolz-0.12.2-cp310-cp310-manylinux_2_17_x86_64.manylinux2014_x86_64.whl", hash = "sha256:9070ae35c410d644e6df98a8f69f3ed2807e657d0df2a26b2643127cbf6944a5"},
    {file = "cytoolz-0.12.2-cp310-cp310-manylinux_2_5_i686.manylinux1_i686.manylinux_2_17_i686.manylinux2014_i686.whl", hash = "sha256:843500cd3e4884b92fd4037912bc42d5f047108d2c986d36352e880196d465b0"},
    {file = "cytoolz-0.12.2-cp310-cp310-musllinux_1_1_aarch64.whl", hash = "sha256:6a93644d7996fd696ab7f1f466cd75d718d0a00d5c8118b9fe8c64231dc1f85e"},
    {file = "cytoolz-0.12.2-cp310-cp310-musllinux_1_1_i686.whl", hash = "sha256:96796594c770bc6587376e74ddc7d9c982d68f47116bb69d90873db5e0ea88b6"},
    {file = "cytoolz-0.12.2-cp310-cp310-musllinux_1_1_ppc64le.whl", hash = "sha256:48425107fbb1af3f0f2410c004f16be10ffc9374358e5600b57fa543f46f8def"},
    {file = "cytoolz-0.12.2-cp310-cp310-musllinux_1_1_s390x.whl", hash = "sha256:cde6dbb788a4cbc4a80a72aa96386ba4c2b17bdfff3ace0709799adbe16d6476"},
    {file = "cytoolz-0.12.2-cp310-cp310-musllinux_1_1_x86_64.whl", hash = "sha256:68ae7091cc73a752f0b938f15bb193de80ca5edf5ae2ea6360d93d3e9228357b"},
    {file = "cytoolz-0.12.2-cp310-cp310-win32.whl", hash = "sha256:997b7e0960072f6bb445402da162f964ea67387b9f18bda2361edcc026e13597"},
    {file = "cytoolz-0.12.2-cp310-cp310-win_amd64.whl", hash = "sha256:663911786dcde3e4a5d88215c722c531c7548903dc07d418418c0d1c768072c0"},
    {file = "cytoolz-0.12.2-cp311-cp311-macosx_10_9_x86_64.whl", hash = "sha256:4a7d8b869ded171f6cdf584fc2fc6ae03b30a0e1e37a9daf213a59857a62ed90"},
    {file = "cytoolz-0.12.2-cp311-cp311-macosx_11_0_arm64.whl", hash = "sha256:9b28787eaf2174e68f0acb3c66f9c6b98bdfeb0930c0d0b08e1941c7aedc8d27"},
    {file = "cytoolz-0.12.2-cp311-cp311-manylinux_2_17_aarch64.manylinux2014_aarch64.whl", hash = "sha256:00547da587f124b32b072ce52dd5e4b37cf199fedcea902e33c67548523e4678"},
    {file = "cytoolz-0.12.2-cp311-cp311-manylinux_2_17_ppc64le.manylinux2014_ppc64le.whl", hash = "sha256:275d53fd769df2102d6c9fc98e553bd8a9a38926f54d6b20cf29f0dd00bf3b75"},
    {file = "cytoolz-0.12.2-cp311-cp311-manylinux_2_17_s390x.manylinux2014_s390x.whl", hash = "sha256:5556acde785a61d4cf8b8534ae109b023cbd2f9df65ee2afbe070be47c410f8c"},
    {file = "cytoolz-0.12.2-cp311-cp311-manylinux_2_17_x86_64.manylinux2014_x86_64.whl", hash = "sha256:b41a85b9b9a2530b72b0d3d10e383fc3c2647ae88169d557d5e216f881860318"},
    {file = "cytoolz-0.12.2-cp311-cp311-manylinux_2_5_i686.manylinux1_i686.manylinux_2_17_i686.manylinux2014_i686.whl", hash = "sha256:673d6e9e3aa86949343b46ac2b7be266c36e07ce77fa1d40f349e6987a814d6e"},
    {file = "cytoolz-0.12.2-cp311-cp311-musllinux_1_1_aarch64.whl", hash = "sha256:81e6a9a8fda78a2f4901d2915b25bf620f372997ca1f20a14f7cefef5ad6f6f4"},
    {file = "cytoolz-0.12.2-cp311-cp311-musllinux_1_1_i686.whl", hash = "sha256:fa44215bc31675a6380cd896dadb7f2054a7b94cfb87e53e52af844c65406a54"},
    {file = "cytoolz-0.12.2-cp311-cp311-musllinux_1_1_ppc64le.whl", hash = "sha256:a08b4346350660799d81d4016e748bcb134a9083301d41f9618f64a6077f89f2"},
    {file = "cytoolz-0.12.2-cp311-cp311-musllinux_1_1_s390x.whl", hash = "sha256:2fb740482794a72e2e5fec58e4d9b00dcd5a60a8cef68431ff12f2ba0e0d9a7e"},
    {file = "cytoolz-0.12.2-cp311-cp311-musllinux_1_1_x86_64.whl", hash = "sha256:9007bb1290c79402be6b84bcf9e7a622a073859d61fcee146dc7bc47afe328f3"},
    {file = "cytoolz-0.12.2-cp311-cp311-win32.whl", hash = "sha256:a973f5286758f76824ecf19ae1999f6697371a9121c8f163295d181d19a819d7"},
    {file = "cytoolz-0.12.2-cp311-cp311-win_amd64.whl", hash = "sha256:1ce324d1b413636ea5ee929f79637821f13c9e55e9588f38228947294944d2ed"},
    {file = "cytoolz-0.12.2-cp36-cp36m-macosx_10_9_x86_64.whl", hash = "sha256:c08094b9e5d1b6dfb0845a0253cc2655ca64ce70d15162dfdb102e28c8993493"},
    {file = "cytoolz-0.12.2-cp36-cp36m-manylinux_2_17_aarch64.manylinux2014_aarch64.whl", hash = "sha256:baf020f4b708f800b353259cd7575e335a79f1ac912d9dda55b2aa0bf3616e42"},
    {file = "cytoolz-0.12.2-cp36-cp36m-manylinux_2_17_ppc64le.manylinux2014_ppc64le.whl", hash = "sha256:4416ee86a87180b6a28e7483102c92debc077bec59c67eda8cc63fc52a218ac0"},
    {file = "cytoolz-0.12.2-cp36-cp36m-manylinux_2_17_s390x.manylinux2014_s390x.whl", hash = "sha256:c6ee222671eed5c5b16a5ad2aea07f0a715b8b199ee534834bc1dd2798f1ade7"},
    {file = "cytoolz-0.12.2-cp36-cp36m-manylinux_2_17_x86_64.manylinux2014_x86_64.whl", hash = "sha256:ad92e37be0b106fdbc575a3a669b43b364a5ef334495c9764de4c2d7541f7a99"},
    {file = "cytoolz-0.12.2-cp36-cp36m-manylinux_2_5_i686.manylinux1_i686.manylinux_2_17_i686.manylinux2014_i686.whl", hash = "sha256:460c05238fbfe6d848141669d17a751a46c923f9f0c9fd8a3a462ab737623a44"},
    {file = "cytoolz-0.12.2-cp36-cp36m-musllinux_1_1_aarch64.whl", hash = "sha256:9e5075e30be626ef0f9bedf7a15f55ed4d7209e832bc314fdc232dbd61dcbf44"},
    {file = "cytoolz-0.12.2-cp36-cp36m-musllinux_1_1_i686.whl", hash = "sha256:03b58f843f09e73414e82e57f7e8d88f087eaabf8f276b866a40661161da6c51"},
    {file = "cytoolz-0.12.2-cp36-cp36m-musllinux_1_1_ppc64le.whl", hash = "sha256:5e4e612b7ecc9596e7c859cd9e0cd085e6d0c576b4f0d917299595eb56bf9c05"},
    {file = "cytoolz-0.12.2-cp36-cp36m-musllinux_1_1_s390x.whl", hash = "sha256:08a0e03f287e45eb694998bb55ac1643372199c659affa8319dfbbdec7f7fb3c"},
    {file = "cytoolz-0.12.2-cp36-cp36m-musllinux_1_1_x86_64.whl", hash = "sha256:b029bdd5a8b6c9a7c0e8fdbe4fc25ffaa2e09b77f6f3462314696e3a20511829"},
    {file = "cytoolz-0.12.2-cp36-cp36m-win32.whl", hash = "sha256:18580d060fa637ff01541640ecde6de832a248df02b8fb57e6dd578f189d62c7"},
    {file = "cytoolz-0.12.2-cp36-cp36m-win_amd64.whl", hash = "sha256:97cf514a9f3426228d8daf880f56488330e4b2948a6d183a106921217850d9eb"},
    {file = "cytoolz-0.12.2-cp37-cp37m-macosx_10_9_x86_64.whl", hash = "sha256:18a0f838677f9510aef0330c0096778dd6406d21d4ff9504bf79d85235a18460"},
    {file = "cytoolz-0.12.2-cp37-cp37m-manylinux_2_17_aarch64.manylinux2014_aarch64.whl", hash = "sha256:cb081b2b02bf4405c804de1ece6f904916838ab0e057f1446e4ac12fac827960"},
    {file = "cytoolz-0.12.2-cp37-cp37m-manylinux_2_17_ppc64le.manylinux2014_ppc64le.whl", hash = "sha256:57233e1600560ceb719bed759dc78393edd541b9a3e7fefc3079abd83c26a6ea"},
    {file = "cytoolz-0.12.2-cp37-cp37m-manylinux_2_17_s390x.manylinux2014_s390x.whl", hash = "sha256:0295289c4510efa41174850e75bc9188f82b72b1b54d0ea57d1781729c2924d5"},
    {file = "cytoolz-0.12.2-cp37-cp37m-manylinux_2_17_x86_64.manylinux2014_x86_64.whl", hash = "sha256:7a92aab8dd1d427ac9bc7480cfd3481dbab0ef024558f2f5a47de672d8a5ffaa"},
    {file = "cytoolz-0.12.2-cp37-cp37m-manylinux_2_5_i686.manylinux1_i686.manylinux_2_17_i686.manylinux2014_i686.whl", hash = "sha256:51d3495235af09f21aa92a7cdd51504bda640b108b6be834448b774f52852c09"},
    {file = "cytoolz-0.12.2-cp37-cp37m-musllinux_1_1_aarch64.whl", hash = "sha256:f9c690b359f503f18bf1c46a6456370e4f6f3fc4320b8774ae69c4f85ecc6c94"},
    {file = "cytoolz-0.12.2-cp37-cp37m-musllinux_1_1_i686.whl", hash = "sha256:481e3129a76ea01adcc0e7097ccb8dbddab1cfc40b6f0e32c670153512957c0f"},
    {file = "cytoolz-0.12.2-cp37-cp37m-musllinux_1_1_ppc64le.whl", hash = "sha256:55e94124af9c8fbb1df54195cc092688fdad0765641b738970b6f1d5ea72e776"},
    {file = "cytoolz-0.12.2-cp37-cp37m-musllinux_1_1_s390x.whl", hash = "sha256:5616d386dfbfba7c39e9418ba668c734f6ceaacc0130877e8a100cad11e6838b"},
    {file = "cytoolz-0.12.2-cp37-cp37m-musllinux_1_1_x86_64.whl", hash = "sha256:732d08228fa8d366fec284f7032cc868d28a99fa81fc71e3adf7ecedbcf33a0f"},
    {file = "cytoolz-0.12.2-cp37-cp37m-win32.whl", hash = "sha256:f039c5373f7b314b151432c73219216857b19ab9cb834f0eb5d880f74fc7851c"},
    {file = "cytoolz-0.12.2-cp37-cp37m-win_amd64.whl", hash = "sha256:246368e983eaee9851b15d7755f82030eab4aa82098d2a34f6bef9c689d33fcc"},
    {file = "cytoolz-0.12.2-cp38-cp38-macosx_10_9_x86_64.whl", hash = "sha256:81074edf3c74bc9bd250d223408a5df0ff745d1f7a462597536cd26b9390e2d6"},
    {file = "cytoolz-0.12.2-cp38-cp38-macosx_11_0_arm64.whl", hash = "sha256:960d85ebaa974ecea4e71fa56d098378fa51fd670ee744614cbb95bf95e28fc7"},
    {file = "cytoolz-0.12.2-cp38-cp38-manylinux_2_17_aarch64.manylinux2014_aarch64.whl", hash = "sha256:6c8d0dff4865da54ae825d43e1721925721b19f3b9aca8e730c2ce73dee2c630"},
    {file = "cytoolz-0.12.2-cp38-cp38-manylinux_2_17_ppc64le.manylinux2014_ppc64le.whl", hash = "sha256:0a9d12436fd64937bd2c9609605f527af7f1a8db6e6637639b44121c0fe715d6"},
    {file = "cytoolz-0.12.2-cp38-cp38-manylinux_2_17_s390x.manylinux2014_s390x.whl", hash = "sha256:cd461e402e24929d866f05061d2f8337e3a8456e75e21b72c125abff2477c7f7"},
    {file = "cytoolz-0.12.2-cp38-cp38-manylinux_2_17_x86_64.manylinux2014_x86_64.whl", hash = "sha256:0568d4da0a9ee9f9f5ab318f6501557f1cfe26d18c96c8e0dac7332ae04c6717"},
    {file = "cytoolz-0.12.2-cp38-cp38-manylinux_2_5_i686.manylinux1_i686.manylinux_2_17_i686.manylinux2014_i686.whl", hash = "sha256:101b5bd32badfc8b1f9c7be04ba3ae04fb47f9c8736590666ce9449bff76e0b1"},
    {file = "cytoolz-0.12.2-cp38-cp38-musllinux_1_1_aarch64.whl", hash = "sha256:8bb624dbaef4661f5e3625c1e39ad98ecceef281d1380e2774d8084ad0810275"},
    {file = "cytoolz-0.12.2-cp38-cp38-musllinux_1_1_i686.whl", hash = "sha256:3e993804e6b04113d61fdb9541b6df2f096ec265a506dad7437517470919c90f"},
    {file = "cytoolz-0.12.2-cp38-cp38-musllinux_1_1_ppc64le.whl", hash = "sha256:ab911033e5937fc221a2c165acce7f66ae5ac9d3e54bec56f3c9c197a96be574"},
    {file = "cytoolz-0.12.2-cp38-cp38-musllinux_1_1_s390x.whl", hash = "sha256:e6de6a4bdfaee382c2de2a3580b3ae76fce6105da202bbd835e5efbeae6a9c6e"},
    {file = "cytoolz-0.12.2-cp38-cp38-musllinux_1_1_x86_64.whl", hash = "sha256:9480b4b327be83c4d29cb88bcace761b11f5e30198ffe2287889455c6819e934"},
    {file = "cytoolz-0.12.2-cp38-cp38-win32.whl", hash = "sha256:4180b2785d1278e6abb36a72ac97c92432db53fa2df00ee943d2c15a33627d31"},
    {file = "cytoolz-0.12.2-cp38-cp38-win_amd64.whl", hash = "sha256:d0086ba8d41d73647b13087a3ca9c020f6bfec338335037e8f5172b4c7c8dce5"},
    {file = "cytoolz-0.12.2-cp39-cp39-macosx_10_9_x86_64.whl", hash = "sha256:d29988bde28a90a00367edcf92afa1a2f7ecf43ea3ae383291b7da6d380ccc25"},
    {file = "cytoolz-0.12.2-cp39-cp39-macosx_11_0_arm64.whl", hash = "sha256:24c0d71e9ac91f4466b1bd280f7de43aa4d94682daaf34d85d867a9b479b87cc"},
    {file = "cytoolz-0.12.2-cp39-cp39-manylinux_2_17_aarch64.manylinux2014_aarch64.whl", hash = "sha256:fa436abd4ac9ca71859baf5794614e6ec8fa27362f0162baedcc059048da55f7"},
    {file = "cytoolz-0.12.2-cp39-cp39-manylinux_2_17_ppc64le.manylinux2014_ppc64le.whl", hash = "sha256:45c7b4eac7571707269ebc2893facdf87e359cd5c7cfbfa9e6bd8b33fb1079c5"},
    {file = "cytoolz-0.12.2-cp39-cp39-manylinux_2_17_s390x.manylinux2014_s390x.whl", hash = "sha256:294d24edc747ef4e1b28e54365f713becb844e7898113fafbe3e9165dc44aeea"},
    {file = "cytoolz-0.12.2-cp39-cp39-manylinux_2_17_x86_64.manylinux2014_x86_64.whl", hash = "sha256:478051e5ef8278b2429864c8d148efcebdc2be948a61c9a44757cd8c816c98f5"},
    {file = "cytoolz-0.12.2-cp39-cp39-manylinux_2_5_i686.manylinux1_i686.manylinux_2_17_i686.manylinux2014_i686.whl", hash = "sha256:14108cafb140dd68fdda610c2bbc6a37bf052cd48cfebf487ed44145f7a2b67f"},
    {file = "cytoolz-0.12.2-cp39-cp39-musllinux_1_1_aarch64.whl", hash = "sha256:5fef7b602ccf8a3c77ab483479ccd7a952a8c5bb1c263156671ba7aaa24d1035"},
    {file = "cytoolz-0.12.2-cp39-cp39-musllinux_1_1_i686.whl", hash = "sha256:9bf51354e15520715f068853e6ab8190e77139940e8b8b633bdb587956a08fb0"},
    {file = "cytoolz-0.12.2-cp39-cp39-musllinux_1_1_ppc64le.whl", hash = "sha256:388f840fd911d61a96e9e595eaf003f9dc39e847c9060b8e623ab29e556f009b"},
    {file = "cytoolz-0.12.2-cp39-cp39-musllinux_1_1_s390x.whl", hash = "sha256:a67f75cc51a2dc7229a8ac84291e4d61dc5abfc8940befcf37a2836d95873340"},
    {file = "cytoolz-0.12.2-cp39-cp39-musllinux_1_1_x86_64.whl", hash = "sha256:63b31345e20afda2ae30dba246955517a4264464d75e071fc2fa641e88c763ec"},
    {file = "cytoolz-0.12.2-cp39-cp39-win32.whl", hash = "sha256:f6e86ac2b45a95f75c6f744147483e0fc9697ce7dfe1726083324c236f873f8b"},
    {file = "cytoolz-0.12.2-cp39-cp39-win_amd64.whl", hash = "sha256:5998f81bf6a2b28a802521efe14d9fc119f74b64e87b62ad1b0e7c3d8366d0c7"},
    {file = "cytoolz-0.12.2-pp37-pypy37_pp73-macosx_10_9_x86_64.whl", hash = "sha256:593e89e2518eaf81e96edcc9ef2c5fca666e8fc922b03d5cb7a7b8964dbee336"},
    {file = "cytoolz-0.12.2-pp37-pypy37_pp73-manylinux_2_17_aarch64.manylinux2014_aarch64.whl", hash = "sha256:ff451d614ca1d4227db0ffa627fb51df71968cf0d9baf0210528dad10fdbc3ab"},
    {file = "cytoolz-0.12.2-pp37-pypy37_pp73-manylinux_2_5_i686.manylinux1_i686.manylinux_2_17_i686.manylinux2014_i686.whl", hash = "sha256:ad9ea4a50d2948738351790047d45f2b1a023facc01bf0361988109b177e8b2f"},
    {file = "cytoolz-0.12.2-pp37-pypy37_pp73-manylinux_2_5_x86_64.manylinux1_x86_64.manylinux_2_17_x86_64.manylinux2014_x86_64.whl", hash = "sha256:cbe038bb78d599b5a29d09c438905defaa615a522bc7e12f8016823179439497"},
    {file = "cytoolz-0.12.2-pp37-pypy37_pp73-win_amd64.whl", hash = "sha256:d494befe648c13c98c0f3d56d05489c839c9228a32f58e9777305deb6c2c1cee"},
    {file = "cytoolz-0.12.2-pp38-pypy38_pp73-macosx_10_9_x86_64.whl", hash = "sha256:c26805b6c8dc8565ed91045c44040bf6c0fe5cb5b390c78cd1d9400d08a6cd39"},
    {file = "cytoolz-0.12.2-pp38-pypy38_pp73-manylinux_2_17_aarch64.manylinux2014_aarch64.whl", hash = "sha256:df4e32badb2ccf1773e1e74020b7e3b8caf9e92f842c6be7d14888ecdefc2c6c"},
    {file = "cytoolz-0.12.2-pp38-pypy38_pp73-manylinux_2_5_i686.manylinux1_i686.manylinux_2_17_i686.manylinux2014_i686.whl", hash = "sha256:ce7889dc3701826d519ede93cdff11940fb5567dbdc165dce0e78047eece02b7"},
    {file = "cytoolz-0.12.2-pp38-pypy38_pp73-manylinux_2_5_x86_64.manylinux1_x86_64.manylinux_2_17_x86_64.manylinux2014_x86_64.whl", hash = "sha256:c820608e7077416f766b148d75e158e454881961881b657cff808529d261dd24"},
    {file = "cytoolz-0.12.2-pp38-pypy38_pp73-win_amd64.whl", hash = "sha256:698da4fa1f7baeea0607738cb1f9877ed1ba50342b29891b0223221679d6f729"},
    {file = "cytoolz-0.12.2.tar.gz", hash = "sha256:31d4b0455d72d914645f803d917daf4f314d115c70de0578d3820deb8b101f66"},
]

[package.dependencies]
toolz = ">=0.8.0"

[package.extras]
cython = ["cython"]

[[package]]
name = "decorator"
version = "5.1.1"
description = "Decorators for Humans"
optional = false
python-versions = ">=3.5"
files = [
    {file = "decorator-5.1.1-py3-none-any.whl", hash = "sha256:b8c3f85900b9dc423225913c5aace94729fe1fa9763b38939a95226f02d37186"},
    {file = "decorator-5.1.1.tar.gz", hash = "sha256:637996211036b6385ef91435e4fae22989472f9d571faba8927ba8253acbc330"},
]

[[package]]
name = "executing"
version = "2.0.1"
description = "Get the currently executing AST node of a frame, and other information"
optional = false
python-versions = ">=3.5"
files = [
    {file = "executing-2.0.1-py2.py3-none-any.whl", hash = "sha256:eac49ca94516ccc753f9fb5ce82603156e590b27525a8bc32cce8ae302eb61bc"},
    {file = "executing-2.0.1.tar.gz", hash = "sha256:35afe2ce3affba8ee97f2d69927fa823b08b472b7b994e36a52a964b93d16147"},
]

[package.extras]
tests = ["asttokens (>=2.1.0)", "coverage", "coverage-enable-subprocess", "ipython", "littleutils", "pytest", "rich"]

[[package]]
name = "ipython"
version = "8.18.1"
description = "IPython: Productive Interactive Computing"
optional = false
python-versions = ">=3.9"
files = [
    {file = "ipython-8.18.1-py3-none-any.whl", hash = "sha256:e8267419d72d81955ec1177f8a29aaa90ac80ad647499201119e2f05e99aa397"},
    {file = "ipython-8.18.1.tar.gz", hash = "sha256:ca6f079bb33457c66e233e4580ebfc4128855b4cf6370dddd73842a9563e8a27"},
]

[package.dependencies]
colorama = {version = "*", markers = "sys_platform == \"win32\""}
decorator = "*"
jedi = ">=0.16"
matplotlib-inline = "*"
pexpect = {version = ">4.3", markers = "sys_platform != \"win32\""}
prompt-toolkit = ">=3.0.41,<3.1.0"
pygments = ">=2.4.0"
stack-data = "*"
traitlets = ">=5"

[package.extras]
all = ["black", "curio", "docrepr", "exceptiongroup", "ipykernel", "ipyparallel", "ipywidgets", "matplotlib", "matplotlib (!=3.2.0)", "nbconvert", "nbformat", "notebook", "numpy (>=1.22)", "pandas", "pickleshare", "pytest (<7)", "pytest (<7.1)", "pytest-asyncio (<0.22)", "qtconsole", "setuptools (>=18.5)", "sphinx (>=1.3)", "sphinx-rtd-theme", "stack-data", "testpath", "trio", "typing-extensions"]
black = ["black"]
doc = ["docrepr", "exceptiongroup", "ipykernel", "matplotlib", "pickleshare", "pytest (<7)", "pytest (<7.1)", "pytest-asyncio (<0.22)", "setuptools (>=18.5)", "sphinx (>=1.3)", "sphinx-rtd-theme", "stack-data", "testpath", "typing-extensions"]
kernel = ["ipykernel"]
nbconvert = ["nbconvert"]
nbformat = ["nbformat"]
notebook = ["ipywidgets", "notebook"]
parallel = ["ipyparallel"]
qtconsole = ["qtconsole"]
test = ["pickleshare", "pytest (<7.1)", "pytest-asyncio (<0.22)", "testpath"]
test-extra = ["curio", "matplotlib (!=3.2.0)", "nbformat", "numpy (>=1.22)", "pandas", "pickleshare", "pytest (<7.1)", "pytest-asyncio (<0.22)", "testpath", "trio"]

[[package]]
name = "jedi"
version = "0.19.1"
description = "An autocompletion tool for Python that can be used for text editors."
optional = false
python-versions = ">=3.6"
files = [
    {file = "jedi-0.19.1-py2.py3-none-any.whl", hash = "sha256:e983c654fe5c02867aef4cdfce5a2fbb4a50adc0af145f70504238f18ef5e7e0"},
    {file = "jedi-0.19.1.tar.gz", hash = "sha256:cf0496f3651bc65d7174ac1b7d043eff454892c708a87d1b683e57b569927ffd"},
]

[package.dependencies]
parso = ">=0.8.3,<0.9.0"

[package.extras]
docs = ["Jinja2 (==2.11.3)", "MarkupSafe (==1.1.1)", "Pygments (==2.8.1)", "alabaster (==0.7.12)", "babel (==2.9.1)", "chardet (==4.0.0)", "commonmark (==0.8.1)", "docutils (==0.17.1)", "future (==0.18.2)", "idna (==2.10)", "imagesize (==1.2.0)", "mock (==1.0.1)", "packaging (==20.9)", "pyparsing (==2.4.7)", "pytz (==2021.1)", "readthedocs-sphinx-ext (==2.1.4)", "recommonmark (==0.5.0)", "requests (==2.25.1)", "six (==1.15.0)", "snowballstemmer (==2.1.0)", "sphinx (==1.8.5)", "sphinx-rtd-theme (==0.4.3)", "sphinxcontrib-serializinghtml (==1.1.4)", "sphinxcontrib-websupport (==1.2.4)", "urllib3 (==1.26.4)"]
qa = ["flake8 (==5.0.4)", "mypy (==0.971)", "types-setuptools (==67.2.0.1)"]
testing = ["Django", "attrs", "colorama", "docopt", "pytest (<7.0.0)"]

[[package]]
name = "matplotlib-inline"
version = "0.1.6"
description = "Inline Matplotlib backend for Jupyter"
optional = false
python-versions = ">=3.5"
files = [
    {file = "matplotlib-inline-0.1.6.tar.gz", hash = "sha256:f887e5f10ba98e8d2b150ddcf4702c1e5f8b3a20005eb0f74bfdbd360ee6f304"},
    {file = "matplotlib_inline-0.1.6-py3-none-any.whl", hash = "sha256:f1f41aab5328aa5aaea9b16d083b128102f8712542f819fe7e6a420ff581b311"},
]

[package.dependencies]
traitlets = "*"

[[package]]
name = "maude"
version = "1.2.3"
description = "Python bindings for Maude"
optional = false
python-versions = "*"
files = [
    {file = "maude-1.2.3-cp310-cp310-macosx_10_9_x86_64.whl", hash = "sha256:d1fff8d389b9a340348c9b818f712ef8ce60b072cb7ce7f198f493e4bf17ad4e"},
    {file = "maude-1.2.3-cp310-cp310-macosx_11_0_arm64.whl", hash = "sha256:1220085b31e4d442144b8f96044f7fc09f4f13124c3ca00bacb0526ca4454898"},
    {file = "maude-1.2.3-cp310-cp310-manylinux_2_28_x86_64.whl", hash = "sha256:0ef7bb905f6c4b39aedb325f66783dceb40482577d7e008a9623c30975ff619e"},
    {file = "maude-1.2.3-cp310-cp310-win_amd64.whl", hash = "sha256:a4072d2d81b015e4182fe7795d50f2429b0045ac1162e01cb9c08403ebdde216"},
    {file = "maude-1.2.3-cp311-cp311-macosx_10_9_x86_64.whl", hash = "sha256:871610439ee8564d740187e4d1956fbf1d0a16d35bb2c476da240bfff1ce2ad4"},
    {file = "maude-1.2.3-cp311-cp311-macosx_11_0_arm64.whl", hash = "sha256:a67c4a6616b23e359152a1caab19eb3305b83c79388b807bfa9fd61036e41909"},
    {file = "maude-1.2.3-cp311-cp311-manylinux_2_28_x86_64.whl", hash = "sha256:0319130028238a0433778d59232e8062322a466e7c4f63742c3ac40861c4cf6a"},
    {file = "maude-1.2.3-cp311-cp311-win_amd64.whl", hash = "sha256:1552d1ed623b8e76657c20f07fa82109ed27ad47956445e1a966a8c465be33a0"},
    {file = "maude-1.2.3-cp37-cp37m-macosx_10_9_x86_64.whl", hash = "sha256:3707eb357cd7f319ba86d8f3cd4d0cd820c219ec925bff85d6675319e42afc96"},
    {file = "maude-1.2.3-cp37-cp37m-macosx_11_0_arm64.whl", hash = "sha256:d5c5c0710bcb26ebdbc8207fcd3c7fed8cb2827c3824ff1cf238b7c4d0b18733"},
    {file = "maude-1.2.3-cp37-cp37m-win_amd64.whl", hash = "sha256:97aaec4991b83b58697ce25028f716e9b1626e546d03350adbf85622554b174d"},
    {file = "maude-1.2.3-cp38-cp38-macosx_10_9_x86_64.whl", hash = "sha256:e74357d9044e39b82c3c65fe4b3d1b86195b466754db49bed9c768c349714c98"},
    {file = "maude-1.2.3-cp38-cp38-macosx_11_0_arm64.whl", hash = "sha256:a494485b55055b3d87aa0be6f80f02e78dc6febc6afd068328d306000068a55b"},
    {file = "maude-1.2.3-cp38-cp38-manylinux_2_28_x86_64.whl", hash = "sha256:2c87fd7b03038f396428fcfb06413d7398725365d127605ec1e985c952de0e00"},
    {file = "maude-1.2.3-cp38-cp38-win_amd64.whl", hash = "sha256:9fcf66f50ede51f3be49d7dfe11f84cd8708e010422a4215804d5c85b2663028"},
    {file = "maude-1.2.3-cp39-cp39-macosx_10_9_x86_64.whl", hash = "sha256:d785ba7547cf3f1e69fd0e9934447e2eb697e103632af14b4d39602532f058d0"},
    {file = "maude-1.2.3-cp39-cp39-macosx_11_0_arm64.whl", hash = "sha256:ebe2a00c8a69350af42bb9aad7cfa6637fe81f9fce3a2ce2233d3461c34828cc"},
    {file = "maude-1.2.3-cp39-cp39-manylinux_2_28_x86_64.whl", hash = "sha256:bc154ca67e12efb90523504647fbe25d9137d973f3f2b39796e1d5a16c46ed18"},
    {file = "maude-1.2.3-cp39-cp39-win_amd64.whl", hash = "sha256:b0bebcb4567dd3737f8860cd113379b85df6338661bc62515d506db110741454"},
]

[[package]]
name = "parso"
version = "0.8.3"
description = "A Python Parser"
optional = false
python-versions = ">=3.6"
files = [
    {file = "parso-0.8.3-py2.py3-none-any.whl", hash = "sha256:c001d4636cd3aecdaf33cbb40aebb59b094be2a74c556778ef5576c175e19e75"},
    {file = "parso-0.8.3.tar.gz", hash = "sha256:8c07be290bb59f03588915921e29e8a50002acaf2cdc5fa0e0114f91709fafa0"},
]

[package.extras]
qa = ["flake8 (==3.8.3)", "mypy (==0.782)"]
testing = ["docopt", "pytest (<6.0.0)"]

[[package]]
name = "pexpect"
version = "4.9.0"
description = "Pexpect allows easy control of interactive console applications."
optional = false
python-versions = "*"
files = [
    {file = "pexpect-4.9.0-py2.py3-none-any.whl", hash = "sha256:7236d1e080e4936be2dc3e326cec0af72acf9212a7e1d060210e70a47e253523"},
    {file = "pexpect-4.9.0.tar.gz", hash = "sha256:ee7d41123f3c9911050ea2c2dac107568dc43b2d3b0c7557a33212c398ead30f"},
]

[package.dependencies]
ptyprocess = ">=0.5"

[[package]]
name = "prompt-toolkit"
version = "3.0.41"
description = "Library for building powerful interactive command lines in Python"
optional = false
python-versions = ">=3.7.0"
files = [
    {file = "prompt_toolkit-3.0.41-py3-none-any.whl", hash = "sha256:f36fe301fafb7470e86aaf90f036eef600a3210be4decf461a5b1ca8403d3cb2"},
    {file = "prompt_toolkit-3.0.41.tar.gz", hash = "sha256:941367d97fc815548822aa26c2a269fdc4eb21e9ec05fc5d447cf09bad5d75f0"},
]

[package.dependencies]
wcwidth = "*"

[[package]]
name = "ptyprocess"
version = "0.7.0"
description = "Run a subprocess in a pseudo terminal"
optional = false
python-versions = "*"
files = [
    {file = "ptyprocess-0.7.0-py2.py3-none-any.whl", hash = "sha256:4b41f3967fce3af57cc7e94b888626c18bf37a083e3651ca8feeb66d492fef35"},
    {file = "ptyprocess-0.7.0.tar.gz", hash = "sha256:5c5d0a3b48ceee0b48485e0c26037c0acd7d29765ca3fbb5cb3831d347423220"},
]

[[package]]
name = "pure-eval"
version = "0.2.2"
description = "Safely evaluate AST nodes without side effects"
optional = false
python-versions = "*"
files = [
    {file = "pure_eval-0.2.2-py3-none-any.whl", hash = "sha256:01eaab343580944bc56080ebe0a674b39ec44a945e6d09ba7db3cb8cec289350"},
    {file = "pure_eval-0.2.2.tar.gz", hash = "sha256:2b45320af6dfaa1750f543d714b6d1c520a1688dec6fd24d339063ce0aaa9ac3"},
]

[package.extras]
tests = ["pytest"]

[[package]]
name = "pygments"
version = "2.17.2"
description = "Pygments is a syntax highlighting package written in Python."
optional = false
python-versions = ">=3.7"
files = [
    {file = "pygments-2.17.2-py3-none-any.whl", hash = "sha256:b27c2826c47d0f3219f29554824c30c5e8945175d888647acd804ddd04af846c"},
    {file = "pygments-2.17.2.tar.gz", hash = "sha256:da46cec9fd2de5be3a8a784f434e4c4ab670b4ff54d605c4c2717e9d49c4c367"},
]

[package.extras]
plugins = ["importlib-metadata"]
windows-terminal = ["colorama (>=0.4.6)"]

[[package]]
name = "pyrsistent"
version = "0.20.0"
description = "Persistent/Functional/Immutable data structures"
optional = false
python-versions = ">=3.8"
files = [
    {file = "pyrsistent-0.20.0-cp310-cp310-macosx_10_9_universal2.whl", hash = "sha256:8c3aba3e01235221e5b229a6c05f585f344734bd1ad42a8ac51493d74722bbce"},
    {file = "pyrsistent-0.20.0-cp310-cp310-manylinux_2_17_aarch64.manylinux2014_aarch64.whl", hash = "sha256:c1beb78af5423b879edaf23c5591ff292cf7c33979734c99aa66d5914ead880f"},
    {file = "pyrsistent-0.20.0-cp310-cp310-manylinux_2_17_x86_64.manylinux2014_x86_64.whl", hash = "sha256:21cc459636983764e692b9eba7144cdd54fdec23ccdb1e8ba392a63666c60c34"},
    {file = "pyrsistent-0.20.0-cp310-cp310-manylinux_2_5_i686.manylinux1_i686.manylinux_2_17_i686.manylinux2014_i686.whl", hash = "sha256:f5ac696f02b3fc01a710427585c855f65cd9c640e14f52abe52020722bb4906b"},
    {file = "pyrsistent-0.20.0-cp310-cp310-win32.whl", hash = "sha256:0724c506cd8b63c69c7f883cc233aac948c1ea946ea95996ad8b1380c25e1d3f"},
    {file = "pyrsistent-0.20.0-cp310-cp310-win_amd64.whl", hash = "sha256:8441cf9616d642c475684d6cf2520dd24812e996ba9af15e606df5f6fd9d04a7"},
    {file = "pyrsistent-0.20.0-cp311-cp311-macosx_10_9_universal2.whl", hash = "sha256:0f3b1bcaa1f0629c978b355a7c37acd58907390149b7311b5db1b37648eb6958"},
    {file = "pyrsistent-0.20.0-cp311-cp311-manylinux_2_17_aarch64.manylinux2014_aarch64.whl", hash = "sha256:5cdd7ef1ea7a491ae70d826b6cc64868de09a1d5ff9ef8d574250d0940e275b8"},
    {file = "pyrsistent-0.20.0-cp311-cp311-manylinux_2_17_x86_64.manylinux2014_x86_64.whl", hash = "sha256:cae40a9e3ce178415040a0383f00e8d68b569e97f31928a3a8ad37e3fde6df6a"},
    {file = "pyrsistent-0.20.0-cp311-cp311-manylinux_2_5_i686.manylinux1_i686.manylinux_2_17_i686.manylinux2014_i686.whl", hash = "sha256:6288b3fa6622ad8a91e6eb759cfc48ff3089e7c17fb1d4c59a919769314af224"},
    {file = "pyrsistent-0.20.0-cp311-cp311-win32.whl", hash = "sha256:7d29c23bdf6e5438c755b941cef867ec2a4a172ceb9f50553b6ed70d50dfd656"},
    {file = "pyrsistent-0.20.0-cp311-cp311-win_amd64.whl", hash = "sha256:59a89bccd615551391f3237e00006a26bcf98a4d18623a19909a2c48b8e986ee"},
    {file = "pyrsistent-0.20.0-cp312-cp312-macosx_10_9_universal2.whl", hash = "sha256:09848306523a3aba463c4b49493a760e7a6ca52e4826aa100ee99d8d39b7ad1e"},
    {file = "pyrsistent-0.20.0-cp312-cp312-manylinux_2_17_aarch64.manylinux2014_aarch64.whl", hash = "sha256:a14798c3005ec892bbada26485c2eea3b54109cb2533713e355c806891f63c5e"},
    {file = "pyrsistent-0.20.0-cp312-cp312-manylinux_2_17_x86_64.manylinux2014_x86_64.whl", hash = "sha256:b14decb628fac50db5e02ee5a35a9c0772d20277824cfe845c8a8b717c15daa3"},
    {file = "pyrsistent-0.20.0-cp312-cp312-manylinux_2_5_i686.manylinux1_i686.manylinux_2_17_i686.manylinux2014_i686.whl", hash = "sha256:2e2c116cc804d9b09ce9814d17df5edf1df0c624aba3b43bc1ad90411487036d"},
    {file = "pyrsistent-0.20.0-cp312-cp312-win32.whl", hash = "sha256:e78d0c7c1e99a4a45c99143900ea0546025e41bb59ebc10182e947cf1ece9174"},
    {file = "pyrsistent-0.20.0-cp312-cp312-win_amd64.whl", hash = "sha256:4021a7f963d88ccd15b523787d18ed5e5269ce57aa4037146a2377ff607ae87d"},
    {file = "pyrsistent-0.20.0-cp38-cp38-macosx_10_9_universal2.whl", hash = "sha256:79ed12ba79935adaac1664fd7e0e585a22caa539dfc9b7c7c6d5ebf91fb89054"},
    {file = "pyrsistent-0.20.0-cp38-cp38-manylinux_2_17_aarch64.manylinux2014_aarch64.whl", hash = "sha256:f920385a11207dc372a028b3f1e1038bb244b3ec38d448e6d8e43c6b3ba20e98"},
    {file = "pyrsistent-0.20.0-cp38-cp38-manylinux_2_17_x86_64.manylinux2014_x86_64.whl", hash = "sha256:4f5c2d012671b7391803263419e31b5c7c21e7c95c8760d7fc35602353dee714"},
    {file = "pyrsistent-0.20.0-cp38-cp38-manylinux_2_5_i686.manylinux1_i686.manylinux_2_17_i686.manylinux2014_i686.whl", hash = "sha256:ef3992833fbd686ee783590639f4b8343a57f1f75de8633749d984dc0eb16c86"},
    {file = "pyrsistent-0.20.0-cp38-cp38-win32.whl", hash = "sha256:881bbea27bbd32d37eb24dd320a5e745a2a5b092a17f6debc1349252fac85423"},
    {file = "pyrsistent-0.20.0-cp38-cp38-win_amd64.whl", hash = "sha256:6d270ec9dd33cdb13f4d62c95c1a5a50e6b7cdd86302b494217137f760495b9d"},
    {file = "pyrsistent-0.20.0-cp39-cp39-macosx_10_9_universal2.whl", hash = "sha256:ca52d1ceae015859d16aded12584c59eb3825f7b50c6cfd621d4231a6cc624ce"},
    {file = "pyrsistent-0.20.0-cp39-cp39-manylinux_2_17_aarch64.manylinux2014_aarch64.whl", hash = "sha256:b318ca24db0f0518630e8b6f3831e9cba78f099ed5c1d65ffe3e023003043ba0"},
    {file = "pyrsistent-0.20.0-cp39-cp39-manylinux_2_17_x86_64.manylinux2014_x86_64.whl", hash = "sha256:fed2c3216a605dc9a6ea50c7e84c82906e3684c4e80d2908208f662a6cbf9022"},
    {file = "pyrsistent-0.20.0-cp39-cp39-manylinux_2_5_i686.manylinux1_i686.manylinux_2_17_i686.manylinux2014_i686.whl", hash = "sha256:2e14c95c16211d166f59c6611533d0dacce2e25de0f76e4c140fde250997b3ca"},
    {file = "pyrsistent-0.20.0-cp39-cp39-win32.whl", hash = "sha256:f058a615031eea4ef94ead6456f5ec2026c19fb5bd6bfe86e9665c4158cf802f"},
    {file = "pyrsistent-0.20.0-cp39-cp39-win_amd64.whl", hash = "sha256:58b8f6366e152092194ae68fefe18b9f0b4f89227dfd86a07770c3d86097aebf"},
    {file = "pyrsistent-0.20.0-py3-none-any.whl", hash = "sha256:c55acc4733aad6560a7f5f818466631f07efc001fd023f34a6c203f8b6df0f0b"},
    {file = "pyrsistent-0.20.0.tar.gz", hash = "sha256:4c48f78f62ab596c679086084d0dd13254ae4f3d6c72a83ffdf5ebdef8f265a4"},
]

[[package]]
name = "six"
version = "1.16.0"
description = "Python 2 and 3 compatibility utilities"
optional = false
python-versions = ">=2.7, !=3.0.*, !=3.1.*, !=3.2.*"
files = [
    {file = "six-1.16.0-py2.py3-none-any.whl", hash = "sha256:8abb2f1d86890a2dfb989f9a77cfcfd3e47c2a354b01111771326f8aa26e0254"},
    {file = "six-1.16.0.tar.gz", hash = "sha256:1e61c37477a1626458e36f7b1d82aa5c9b094fa4802892072e49de9c60c4c926"},
]

[[package]]
name = "stack-data"
version = "0.6.3"
description = "Extract data from python stack frames and tracebacks for informative displays"
optional = false
python-versions = "*"
files = [
    {file = "stack_data-0.6.3-py3-none-any.whl", hash = "sha256:d5558e0c25a4cb0853cddad3d77da9891a08cb85dd9f9f91b9f8cd66e511e695"},
    {file = "stack_data-0.6.3.tar.gz", hash = "sha256:836a778de4fec4dcd1dcd89ed8abff8a221f58308462e1c4aa2a3cf30148f0b9"},
]

[package.dependencies]
asttokens = ">=2.1.0"
executing = ">=1.2.0"
pure-eval = "*"

[package.extras]
tests = ["cython", "littleutils", "pygments", "pytest", "typeguard"]

[[package]]
name = "toolz"
version = "0.12.0"
description = "List processing tools and functional utilities"
optional = false
python-versions = ">=3.5"
files = [
    {file = "toolz-0.12.0-py3-none-any.whl", hash = "sha256:2059bd4148deb1884bb0eb770a3cde70e7f954cfbbdc2285f1f2de01fd21eb6f"},
    {file = "toolz-0.12.0.tar.gz", hash = "sha256:88c570861c440ee3f2f6037c4654613228ff40c93a6c25e0eba70d17282c6194"},
]

[[package]]
name = "traitlets"
version = "5.14.0"
description = "Traitlets Python configuration system"
optional = false
python-versions = ">=3.8"
files = [
    {file = "traitlets-5.14.0-py3-none-any.whl", hash = "sha256:f14949d23829023013c47df20b4a76ccd1a85effb786dc060f34de7948361b33"},
    {file = "traitlets-5.14.0.tar.gz", hash = "sha256:fcdaa8ac49c04dfa0ed3ee3384ef6dfdb5d6f3741502be247279407679296772"},
]

[package.extras]
docs = ["myst-parser", "pydata-sphinx-theme", "sphinx"]
test = ["argcomplete (>=3.0.3)", "mypy (>=1.7.0)", "pre-commit", "pytest (>=7.0,<7.5)", "pytest-mock", "pytest-mypy-testing"]

[[package]]
name = "wcwidth"
version = "0.2.12"
description = "Measures the displayed width of unicode strings in a terminal"
optional = false
python-versions = "*"
files = [
    {file = "wcwidth-0.2.12-py2.py3-none-any.whl", hash = "sha256:f26ec43d96c8cbfed76a5075dac87680124fa84e0855195a6184da9c187f133c"},
    {file = "wcwidth-0.2.12.tar.gz", hash = "sha256:f01c104efdf57971bcb756f054dd58ddec5204dd15fa31d6503ea57947d97c02"},
]

[metadata]
lock-version = "2.0"
python-versions = "^3.11.5"
content-hash = "a40c74bab676cd0ec23f7319afe865ae19754a0ba669c9b8c468bbcf26786536"
