# This file was autogenerated by Stack.
# You should not edit this file by hand.
# For more information, please see the documentation at:
#   https://docs.haskellstack.org/en/stable/lock_files

packages:
- completed:
    size: 4430
    url: https://github.com/2jacobtan/jt2-haskell-utils/archive/0fc35800d603a5802af7ad186ed93844273f9506.tar.gz
    name: jt2-haskell-utils
    version: 0.1.0.0
    sha256: f9d353709a4d88a6ef51e932be7a79f1a51cd1ab95200600d18b5f4de51e1fbf
    pantry-tree:
      size: 730
      sha256: 817796741d73ad061bb3d42c83c72c2719a25fe1f10398d5577322715e4ea8f4
  original:
    url: https://github.com/2jacobtan/jt2-haskell-utils/archive/0fc35800d603a5802af7ad186ed93844273f9506.tar.gz
snapshots:
- completed:
    size: 567241
    url: https://raw.githubusercontent.com/commercialhaskell/stackage-snapshots/master/lts/17/10.yaml
    sha256: 321b3b9f0c7f76994b39e0dabafdc76478274b4ff74cc5e43d410897a335ad3b
  original:
    url: https://raw.githubusercontent.com/commercialhaskell/stackage-snapshots/master/lts/17/10.yaml
