# This file was autogenerated by Stack.
# You should not edit this file by hand.
# For more information, please see the documentation at:
#   https://docs.haskellstack.org/en/stable/lock_files

packages:
- completed:
    hackage: sbv-8.9@sha256:efb0f16c671869805e57d11e269793d5e5ae512e8e626582cf76b8e46a63e9c6,28985
    pantry-tree:
      size: 62515
      sha256: 9bb3bb8dbb26363388e013c795e60e81f9b243ecac6e28b3e9d7079c083ebdf4
  original:
    hackage: sbv-8.9@sha256:efb0f16c671869805e57d11e269793d5e5ae512e8e626582cf76b8e46a63e9c6,28985
snapshots:
- completed:
    size: 567241
    url: https://raw.githubusercontent.com/commercialhaskell/stackage-snapshots/master/lts/17/10.yaml
    sha256: 321b3b9f0c7f76994b39e0dabafdc76478274b4ff74cc5e43d410897a335ad3b
  original:
    url: https://raw.githubusercontent.com/commercialhaskell/stackage-snapshots/master/lts/17/10.yaml
